
Microsoft Visual Studio Solution File, Format Version 12.00
# Visual Studio Version 17
VisualStudioVersion = 17.4.33110.190
MinimumVisualStudioVersion = 10.0.40219.1
Project("{FAE04EC0-301F-11D3-BF4B-00C04F79EFBC}") = "BarCodeApi", "BarCodeApi\BarCodeApi.csproj", "{A0295D44-5C75-4976-BEE0-15C502D93ADD}"
EndProject
Global
	GlobalSection(SolutionConfigurationPlatforms) = preSolution
		Debug|Any CPU = Debug|Any CPU
		Release|Any CPU = Release|Any CPU
	EndGlobalSection
	GlobalSection(ProjectConfigurationPlatforms) = postSolution
		{A0295D44-5C75-4976-BEE0-15C502D93ADD}.Debug|Any CPU.ActiveCfg = Debug|Any CPU
		{A0295D44-5C75-4976-BEE0-15C502D93ADD}.Debug|Any CPU.Build.0 = Debug|Any CPU
		{A0295D44-5C75-4976-BEE0-15C502D93ADD}.Release|Any CPU.ActiveCfg = Release|Any CPU
		{A0295D44-5C75-4976-BEE0-15C502D93ADD}.Release|Any CPU.Build.0 = Release|Any CPU
	EndGlobalSection
	GlobalSection(SolutionProperties) = preSolution
		HideSolutionNode = FALSE
	EndGlobalSection
	GlobalSection(ExtensibilityGlobals) = postSolution
		SolutionGuid = {5CA4E672-F356-4B14-9CE9-2F6C949A595B}
	EndGlobalSection
EndGlobal
